#MicroXplorer Configuration settings - do not modify
Mcu.Family=STM32F0
SH.GPXTI1.0=GPIO_EXTI1
ProjectManager.MainLocation=Core/Src
ProjectManager.ProjectFileName=STCube.ioc
USART2.IPParameters=VirtualMode-Asynchronous
ProjectManager.KeepUserCode=true
Mcu.UserName=STM32F042K6Tx
PA15.GPIOParameters=GPIO_Label
Mcu.PinsNb=15
SPI1.VirtualType=VM_MASTER
ProjectManager.NoMain=false
SPI1.IPParameters=VirtualType,Mode,Direction,CalculateBaudRate
RCC.PLLCLKFreq_Value=16000000
PA14.GPIO_Label=SWCLK
PA0.GPIO_Label=INT_ENC_A
ProjectManager.functionlistsort=
PA11.GPIOParameters=GPIO_Label
SH.GPXTI0.ConfNb=1
PA3.GPIOParameters=GPIO_Label
PA11.GPIO_Label=SPI_CS_MAX31865
ProjectManager.DefaultFWLocation=true
NVIC.SVC_IRQn=true\:0\:0\:false\:false\:true\:false\:false
ProjectManager.DeletePrevious=true
boardIOC=true
PA2.GPIOParameters=GPIO_Label
PinOutPanel.RotationAngle=0
RCC.FamilyName=M
ProjectManager.StackSize=0x400
PA13.Signal=SYS_SWDIO
Mcu.IP4=SYS
Mcu.IP5=USART2
Mcu.IP2=RCC
Mcu.IP3=SPI1
PA15.GPIO_Label=VCP_RX
Mcu.IP0=I2C1
PA11.Locked=true
PA15.Locked=true
Mcu.IP1=NVIC
SH.GPXTI3.ConfNb=1
Mcu.UserConstants=
ProjectManager.TargetToolchain=EWARM V8.32
Mcu.ThirdPartyNb=0
SPI1.Direction=SPI_DIRECTION_2LINES
Mcu.IPNb=6
ProjectManager.PreviousToolchain=
PB6.Signal=I2C1_SCL
PB5.Locked=true
PB6.Mode=I2C
SPI1.CalculateBaudRate=4.0 MBits/s
Mcu.Pin6=PA13
Mcu.Pin7=PA14
ProjectManager.RegisterCallBack=
Mcu.Pin8=PA15
Mcu.Pin9=PB3
PA1.Signal=GPXTI1
Mcu.Pin0=PF0-OSC_IN
PF0-OSC_IN.Mode=HSE-External-Clock-Source
Mcu.Pin1=PA0
GPIO.groupedBy=Group By Peripherals
Mcu.Pin2=PA1
Mcu.Pin3=PA2
Mcu.Pin4=PA3
Mcu.Pin5=PA11
ProjectManager.ProjectBuild=false
PA0.Locked=true
PF0-OSC_IN.GPIO_Label=MCO
PB3.Mode=Full_Duplex_Master
board=NUCLEO-F042K6
USART2.VirtualMode-Asynchronous=VM_ASYNC
SH.GPXTI3.0=GPIO_EXTI3
PA15.Mode=Asynchronous
NVIC.SysTick_IRQn=true\:0\:0\:false\:false\:true\:true\:true
ProjectManager.LastFirmware=true
RCC.VCOOutput2Freq_Value=8000000
ProjectManager.FirmwarePackage=STM32Cube FW_F0 V1.11.1
MxDb.Version=DB.6.0.0
PA1.GPIOParameters=GPIO_Label
PB4.Mode=Full_Duplex_Master
ProjectManager.BackupPrevious=false
MxCube.Version=6.0.1
SPI1.Mode=SPI_MODE_MASTER
PA14.Mode=Serial_Wire
PF0-OSC_IN.Locked=true
PB5.Mode=Full_Duplex_Master
File.Version=6
PA1.GPIO_Label=INT_ENC_B
VP_SYS_VS_Systick.Mode=SysTick
PB7.Signal=I2C1_SDA
NVIC.NonMaskableInt_IRQn=true\:0\:0\:false\:false\:true\:false\:false
PB6.Locked=true
NVIC.PendSV_IRQn=true\:0\:0\:false\:false\:true\:false\:false
PA13.Mode=Serial_Wire
ProjectManager.FreePins=false
RCC.IPParameters=CECFreq_Value,FamilyName,HSICECFreq_Value,PLLCLKFreq_Value,PLLMCOFreq_Value,TimSysFreq_Value,VCOOutput2Freq_Value
ProjectManager.AskForMigrate=true
Mcu.Name=STM32F042K(4-6)Tx
ProjectManager.HalAssertFull=false
PA2.Signal=USART2_TX
PA13.GPIO_Label=SWDIO
ProjectManager.ProjectName=STCube
ProjectManager.UnderRoot=false
PA0.Signal=GPXTI0
RCC.HSICECFreq_Value=32786.88524590164
PA13.GPIOParameters=GPIO_Label
RCC.PLLMCOFreq_Value=16000000
ProjectManager.CoupleFile=false
PB4.Locked=true
PB3.Signal=SPI1_SCK
Mcu.Package=LQFP32
PB5.Signal=SPI1_MOSI
RCC.TimSysFreq_Value=8000000
PA1.Locked=true
PA3.Locked=true
NVIC.ForceEnableDMAVector=true
KeepUserPlacement=false
PA14.GPIOParameters=GPIO_Label
PA13.Locked=true
PA14.Locked=true
ProjectManager.CompilerOptimize=6
ProjectManager.ToolChainLocation=
PA2.GPIO_Label=VCP_TX
VP_SYS_VS_Systick.Signal=SYS_VS_Systick
PB7.Mode=I2C
PA11.Signal=GPIO_Output
SH.GPXTI0.0=GPIO_EXTI0
PA14.Signal=SYS_SWCLK
PA15.Signal=USART2_RX
ProjectManager.HeapSize=0x200
PA0.GPIOParameters=GPIO_Label
NVIC.HardFault_IRQn=true\:0\:0\:false\:false\:true\:false\:false
Mcu.Pin13=PB7
Mcu.Pin14=VP_SYS_VS_Systick
ProjectManager.ComputerToolchain=false
Mcu.Pin11=PB5
Mcu.Pin12=PB6
Mcu.Pin10=PB4
RCC.CECFreq_Value=32786.88524590164
PB7.Locked=true
PA2.Mode=Asynchronous
PF0-OSC_IN.Signal=RCC_OSC_IN
PF0-OSC_IN.GPIOParameters=GPIO_Label
SH.GPXTI1.ConfNb=1
ProjectManager.CustomerFirmwarePackage=
ProjectManager.DeviceId=STM32F042K6Tx
ProjectManager.LibraryCopy=0
PB3.Locked=true
PB4.Signal=SPI1_MISO
PA3.GPIO_Label=INT_MAX31865_RDY
PA3.Signal=GPXTI3
PA2.Locked=true
